<Solution>
  <Project Path="Pottmayer.UrlShortener.Contracts/Pottmayer.UrlShortener.Contracts.csproj" />
  <Project Path="Pottmayer.UrlShortener.Gateway/Pottmayer.UrlShortener.Gateway.csproj" />
  <Project Path="Pottmayer.UrlShortener.Shortening/Pottmayer.UrlShortener.Shortening.csproj" />
  <Project Path="Pottmayer.UrlShortener.Redirect/Pottmayer.UrlShortener.Redirect.csproj" />
  <Project Path="Pottmayer.UrlShortener.Analytics/Pottmayer.UrlShortener.Analytics.csproj" />
  <Project Path="Pottmayer.UrlShortener.Kgs/Pottmayer.UrlShortener.Kgs.csproj" />
</Solution>
